{
  "name": "@chikkadb/command-parser",
  "version": "1.0.0",
  "lockfileVersion": 3,
  "requires": true,
  "packages": {
    "": {
      "name": "@chikkadb/command-parser",
      "version": "1.0.0",
      "license": "ISC",
      "dependencies": {
        "@chikkadb/interfaces": "file:../interfaces"
      }
    },
    "../interfaces": {
      "name": "interfaces",
      "version": "1.0.0",
      "license": "ISC",
      "dependencies": {
        "bson": "^7.0.0"
      }
    },
    "node_modules/@chikkadb/interfaces": {
      "resolved": "../interfaces",
      "link": true
    }
  }
}
